# This file is autogenerated, do not edit; changes may be undone by the next 'dep ensure'.


[[projects]]
  digest = "1:0803645e1f57fb5271a6edc7570b9ea59bac2e5de67957075a43f3d74c8dbd97"
  name = "github.com/NYTimes/gziphandler"
  packages = ["."]
  pruneopts = "UT"
  revision = "2600fb119af974220d3916a5916d6e31176aac1b"
  version = "v1.0.1"

[[projects]]
  branch = "master"
  digest = "1:dccfc0707d45bf138caa1b93e7c00e428d2d593e6d4bfe4d680f445e92951716"
  name = "github.com/ViBiOh/httputils"
  packages = [
    "pkg",
    "pkg/alcotest",
    "pkg/cache",
    "pkg/cert",
    "pkg/cors",
    "pkg/crud",
    "pkg/errors",
    "pkg/gzip",
    "pkg/healthcheck",
    "pkg/httperror",
    "pkg/httpjson",
    "pkg/logger",
    "pkg/model",
    "pkg/opentracing",
    "pkg/owasp",
    "pkg/pagination",
    "pkg/prometheus",
    "pkg/query",
    "pkg/request",
    "pkg/server",
    "pkg/tools",
    "pkg/uuid",
  ]
  pruneopts = "UT"
  revision = "b569bdfdbf9036f8f2026fc7203db165decc61ec"

[[projects]]
  digest = "1:666e546c77c8a4eb7a77fcbd5c9bc4a367e8ec2e4fb74dcd74d2e218751567ad"
  name = "github.com/alecthomas/gometalinter"
  packages = ["."]
  pruneopts = "UT"
  revision = "102ac984005d45456a7e3ae6dc94ebcd95c2bb19"
  version = "v2.0.12"

[[projects]]
  branch = "master"
  digest = "1:c198fdc381e898e8fb62b8eb62758195091c313ad18e52a3067366e1dda2fb3c"
  name = "github.com/alecthomas/units"
  packages = ["."]
  pruneopts = "UT"
  revision = "2efee857e7cfd4f3d0138cc3cbb1b4966962b93a"

[[projects]]
  branch = "master"
  digest = "1:d6afaeed1502aa28e80a4ed0981d570ad91b2579193404256ce672ed0a609e0d"
  name = "github.com/beorn7/perks"
  packages = ["quantile"]
  pruneopts = "UT"
  revision = "3a771d992973f24aa725d07868b467d1ddfceafb"

[[projects]]
  branch = "master"
  digest = "1:454adc7f974228ff789428b6dc098638c57a64aa0718f0bd61e53d3cd39d7a75"
  name = "github.com/chzyer/readline"
  packages = ["."]
  pruneopts = "UT"
  revision = "2972be24d48e78746da79ba8e24e8b488c9880de"

[[projects]]
  digest = "1:848ef40f818e59905140552cc49ff3dc1a15f955e4b56d1c5c2cc4b54dbadf0c"
  name = "github.com/client9/misspell"
  packages = [
    ".",
    "cmd/misspell",
  ]
  pruneopts = "UT"
  revision = "b90dc15cfd220ecf8bbc9043ecb928cef381f011"
  version = "v0.3.4"

[[projects]]
  branch = "master"
  digest = "1:4c4c33075b704791d6a7f09dfb55c66769e8a1dc6adf87026292d274fe8ad113"
  name = "github.com/codahale/hdrhistogram"
  packages = ["."]
  pruneopts = "UT"
  revision = "3a0bb77429bd3a61596f5e8a3172445844342120"

[[projects]]
  branch = "travis-1.9"
  digest = "1:e8f5d9c09a7209c740e769713376abda388c41b777ba8e9ed52767e21acf379f"
  name = "github.com/golang/lint"
  packages = [
    ".",
    "golint",
  ]
  pruneopts = "UT"
  revision = "883fe33ffc4344bad1ecd881f61afd5ec5d80e0a"

[[projects]]
  digest = "1:97df918963298c287643883209a2c3f642e6593379f97ab400c2a2e219ab647d"
  name = "github.com/golang/protobuf"
  packages = ["proto"]
  pruneopts = "UT"
  revision = "aa810b61a9c79d51363740d207bb46cf8e620ed5"
  version = "v1.2.0"

[[projects]]
  branch = "master"
  digest = "1:473e7c5cbc58c538bce66e0ca2a033d31a3e7d9c6d5d96c6df1657b588bddac3"
  name = "github.com/google/shlex"
  packages = ["."]
  pruneopts = "UT"
  revision = "c34317bd91bf98fab745d77b03933cf8769299fe"

[[projects]]
  branch = "master"
  digest = "1:824d147914b40e56e9e1eebd602bc6bb9761989d52fd8e4a498428467980eb17"
  name = "github.com/gordonklaus/ineffassign"
  packages = ["."]
  pruneopts = "UT"
  revision = "1003c8bd00dc2869cb5ca5282e6ce33834fed514"

[[projects]]
  branch = "master"
  digest = "1:e51f40f0c19b39c1825eadd07d5c0a98a2ad5942b166d9fc4f54750ce9a04810"
  name = "github.com/juju/ansiterm"
  packages = [
    ".",
    "tabwriter",
  ]
  pruneopts = "UT"
  revision = "720a0952cc2ac777afc295d9861263e2a4cf96a1"

[[projects]]
  branch = "master"
  digest = "1:bb08c7bb1c7224636b1a00639f079ed4391eb822945f26db74b8d8ee3f14d991"
  name = "github.com/lunixbochs/vtclean"
  packages = ["."]
  pruneopts = "UT"
  revision = "2d01aacdc34a083dca635ba869909f5fc0cd4f41"

[[projects]]
  digest = "1:2a2a76072bd413b3484a0b5bb2fbb078b0b7dd8950e9276c900e14dce2354679"
  name = "github.com/manifoldco/promptui"
  packages = [
    ".",
    "list",
    "screenbuf",
  ]
  pruneopts = "UT"
  revision = "20f2a94120aa14a334121a6de66616a7fa89a5cd"
  version = "v0.3.2"

[[projects]]
  digest = "1:c658e84ad3916da105a761660dcaeb01e63416c8ec7bc62256a9b411a05fcd67"
  name = "github.com/mattn/go-colorable"
  packages = ["."]
  pruneopts = "UT"
  revision = "167de6bfdfba052fa6b2d3664c8f5272e23c9072"
  version = "v0.0.9"

[[projects]]
  digest = "1:0981502f9816113c9c8c4ac301583841855c8cf4da8c72f696b3ebedf6d0e4e5"
  name = "github.com/mattn/go-isatty"
  packages = ["."]
  pruneopts = "UT"
  revision = "6ca4dbf54d38eea1a992b3c722a76a5d1c4cb25c"
  version = "v0.0.4"

[[projects]]
  digest = "1:ff5ebae34cfbf047d505ee150de27e60570e8c394b3b8fdbb720ff6ac71985fc"
  name = "github.com/matttproud/golang_protobuf_extensions"
  packages = ["pbutil"]
  pruneopts = "UT"
  revision = "c12348ce28de40eed0136aa2b644d0ee0650e56c"
  version = "v1.0.1"

[[projects]]
  digest = "1:07140002dbf37da92090f731b46fa47be4820b82fe5c14a035203b0e813d0ec2"
  name = "github.com/nicksnyder/go-i18n"
  packages = [
    "i18n",
    "i18n/bundle",
    "i18n/language",
    "i18n/translation",
  ]
  pruneopts = "UT"
  revision = "0dc1626d56435e9d605a29875701721c54bc9bbd"
  version = "v1.10.0"

[[projects]]
  branch = "master"
  digest = "1:bfc0c5e306ac24c94aaa10bcd8f22ef1436005582da9241c0742a1a26fd93174"
  name = "github.com/opentracing-contrib/go-stdlib"
  packages = ["nethttp"]
  pruneopts = "UT"
  revision = "77df8e8e70b403c6b13c0fffaa4867c9044ff4e9"

[[projects]]
  digest = "1:450b7623b185031f3a456801155c8320209f75d0d4c4e633c6b1e59d44d6e392"
  name = "github.com/opentracing/opentracing-go"
  packages = [
    ".",
    "ext",
    "log",
  ]
  pruneopts = "UT"
  revision = "1949ddbfd147afd4d964a9f00b24eb291e0e7c38"
  version = "v1.0.2"

[[projects]]
  digest = "1:95741de3af260a92cc5c7f3f3061e85273f5a81b5db20d4bd68da74bd521675e"
  name = "github.com/pelletier/go-toml"
  packages = ["."]
  pruneopts = "UT"
  revision = "c01d1270ff3e442a8a57cddc1c92dc1138598194"
  version = "v1.2.0"

[[projects]]
  digest = "1:cf31692c14422fa27c83a05292eb5cbe0fb2775972e8f1f8446a71549bd8980b"
  name = "github.com/pkg/errors"
  packages = ["."]
  pruneopts = "UT"
  revision = "ba968bfe8b2f7e042a574c888954fccecfa385b4"
  version = "v0.8.1"

[[projects]]
  digest = "1:d14a5f4bfecf017cb780bdde1b6483e5deb87e12c332544d2c430eda58734bcb"
  name = "github.com/prometheus/client_golang"
  packages = [
    "prometheus",
    "prometheus/promhttp",
  ]
  pruneopts = "UT"
  revision = "c5b7fccd204277076155f10851dad72b76a49317"
  version = "v0.8.0"

[[projects]]
  branch = "master"
  digest = "1:2d5cd61daa5565187e1d96bae64dbbc6080dacf741448e9629c64fd93203b0d4"
  name = "github.com/prometheus/client_model"
  packages = ["go"]
  pruneopts = "UT"
  revision = "5c3871d89910bfb32f5fcab2aa4b9ec68e65a99f"

[[projects]]
  branch = "master"
  digest = "1:ce62b400185bf6b16ef6088011b719e449f5c15c4adb6821589679f752c2788e"
  name = "github.com/prometheus/common"
  packages = [
    "expfmt",
    "internal/bitbucket.org/ww/goautoneg",
    "model",
  ]
  pruneopts = "UT"
  revision = "b1c43a6df3aedba268353d940b5974f05037ed5c"

[[projects]]
  branch = "master"
  digest = "1:08eb8b60450efe841e37512d66ce366a87d187505d7c67b99307a6c1803483a2"
  name = "github.com/prometheus/procfs"
  packages = [
    ".",
    "internal/util",
    "nfs",
    "xfs",
  ]
  pruneopts = "UT"
  revision = "b1a0a9a36d7453ba0f62578b99712f3a6c5f82d1"

[[projects]]
  branch = "master"
  digest = "1:ba52e5a5fb800ce55108b7a5f181bb809aab71c16736051312b0aa969f82ad39"
  name = "github.com/tsenart/deadcode"
  packages = ["."]
  pruneopts = "UT"
  revision = "210d2dc333e90c7e3eedf4f2242507a8e83ed4ab"

[[projects]]
  digest = "1:ac6f26e917fd2fb3194a7ebe2baf6fb32de2f2fbfed130c18aac0e758a6e1d22"
  name = "github.com/uber/jaeger-client-go"
  packages = [
    ".",
    "config",
    "internal/baggage",
    "internal/baggage/remote",
    "internal/spanlog",
    "internal/throttler",
    "internal/throttler/remote",
    "log",
    "rpcmetrics",
    "thrift",
    "thrift-gen/agent",
    "thrift-gen/baggage",
    "thrift-gen/jaeger",
    "thrift-gen/sampling",
    "thrift-gen/zipkincore",
    "transport",
    "utils",
  ]
  pruneopts = "UT"
  revision = "1a782e2da844727691fef1757c72eb190c2909f0"
  version = "v2.15.0"

[[projects]]
  digest = "1:0f09db8429e19d57c8346ad76fbbc679341fa86073d3b8fb5ac919f0357d8f4c"
  name = "github.com/uber/jaeger-lib"
  packages = ["metrics"]
  pruneopts = "UT"
  revision = "ed3a127ec5fef7ae9ea95b01b542c47fbd999ce5"
  version = "v1.5.0"

[[projects]]
  branch = "master"
  digest = "1:1ecf2a49df33be51e757d0033d5d51d5f784f35f68e5a38f797b2d3f03357d71"
  name = "golang.org/x/crypto"
  packages = [
    "bcrypt",
    "blowfish",
  ]
  pruneopts = "UT"
  revision = "ff983b9c42bc9fbf91556e191cc8efb585c16908"

[[projects]]
  branch = "master"
  digest = "1:f8b491a7c25030a895a0e579742d07136e6958e77ef2d46e769db8eec4e58fcd"
  name = "golang.org/x/net"
  packages = [
    "context",
    "context/ctxhttp",
  ]
  pruneopts = "UT"
  revision = "927f97764cc334a6575f4b7a1584a147864d5723"

[[projects]]
  branch = "master"
  digest = "1:932aea8a7acd301484058f913d4b209bc8c9dc64ea99fd3fbbb2f75c02e3cd46"
  name = "golang.org/x/oauth2"
  packages = [
    ".",
    "github",
    "internal",
  ]
  pruneopts = "UT"
  revision = "d668ce993890a79bda886613ee587a69dd5da7a6"

[[projects]]
  branch = "master"
  digest = "1:ab01052262e2ef935fdec4632b4029e56e7efbc96a569feebdcdc67fd84a9b5b"
  name = "golang.org/x/sys"
  packages = ["unix"]
  pruneopts = "UT"
  revision = "1775db3f06b568179d273425900dd09125831dd5"

[[projects]]
  branch = "master"
  digest = "1:da76817708f332e4a6a161581de588bbd420d020e976759408b3321f39f1a48d"
  name = "golang.org/x/tools"
  packages = [
    "go/ast/astutil",
    "go/gcexportdata",
    "go/internal/gcimporter",
    "go/types/typeutil",
  ]
  pruneopts = "UT"
  revision = "3ef68632349c4eab68426d81d981d131b625cafc"

[[projects]]
  digest = "1:6f3bd49ddf2e104e52062774d797714371fac1b8bddfd8e124ce78e6b2264a10"
  name = "google.golang.org/appengine"
  packages = [
    "internal",
    "internal/base",
    "internal/datastore",
    "internal/log",
    "internal/remote_api",
    "internal/urlfetch",
    "urlfetch",
  ]
  pruneopts = "UT"
  revision = "e9657d882bb81064595ca3b56cbe2546bbabf7b1"
  version = "v1.4.0"

[[projects]]
  branch = "v3-unstable"
  digest = "1:9e71973a6f518a213cbbfa8c24feab33046b2835684818cb6b2c9ea73e823639"
  name = "gopkg.in/alecthomas/kingpin.v3-unstable"
  packages = ["."]
  pruneopts = "UT"
  revision = "df19058c872cddcd279411d709047160e543a700"

[[projects]]
  digest = "1:4d2e5a73dc1500038e504a8d78b986630e3626dc027bc030ba5c75da257cdb96"
  name = "gopkg.in/yaml.v2"
  packages = ["."]
  pruneopts = "UT"
  revision = "51d6538a90f86fe93ac480b35f37b2be17fef232"
  version = "v2.2.2"

[solve-meta]
  analyzer-name = "dep"
  analyzer-version = 1
  input-imports = [
    "github.com/ViBiOh/httputils/pkg",
    "github.com/ViBiOh/httputils/pkg/alcotest",
    "github.com/ViBiOh/httputils/pkg/cache",
    "github.com/ViBiOh/httputils/pkg/cors",
    "github.com/ViBiOh/httputils/pkg/crud",
    "github.com/ViBiOh/httputils/pkg/errors",
    "github.com/ViBiOh/httputils/pkg/gzip",
    "github.com/ViBiOh/httputils/pkg/healthcheck",
    "github.com/ViBiOh/httputils/pkg/httperror",
    "github.com/ViBiOh/httputils/pkg/httpjson",
    "github.com/ViBiOh/httputils/pkg/logger",
    "github.com/ViBiOh/httputils/pkg/model",
    "github.com/ViBiOh/httputils/pkg/opentracing",
    "github.com/ViBiOh/httputils/pkg/owasp",
    "github.com/ViBiOh/httputils/pkg/prometheus",
    "github.com/ViBiOh/httputils/pkg/request",
    "github.com/ViBiOh/httputils/pkg/server",
    "github.com/ViBiOh/httputils/pkg/tools",
    "github.com/ViBiOh/httputils/pkg/uuid",
    "github.com/manifoldco/promptui",
    "golang.org/x/crypto/bcrypt",
    "golang.org/x/oauth2",
    "golang.org/x/oauth2/github",
  ]
  solver-name = "gps-cdcl"
  solver-version = 1
